// !$*UTF8*$!
{
	archiveVersion = 1;
	classes = {
	};
	objectVersion = 51;
	objects = {

/* Begin PBXBuildFile section */
		37EAC21F256D17E700474877 /* AppDelegate.swift in Sources */ = {isa = PBXBuildFile; fileRef = 37EAC21E256D17E700474877 /* AppDelegate.swift */; };
		37EAC221256D17E700474877 /* SceneDelegate.swift in Sources */ = {isa = PBXBuildFile; fileRef = 37EAC220256D17E700474877 /* SceneDelegate.swift */; };
		37EAC223256D17E700474877 /* ViewController.swift in Sources */ = {isa = PBXBuildFile; fileRef = 37EAC222256D17E700474877 /* ViewController.swift */; };
		37EAC226256D17E700474877 /* Main.storyboard in Resources */ = {isa = PBXBuildFile; fileRef = 37EAC224256D17E700474877 /* Main.storyboard */; };
		37EAC228256D17EF00474877 /* Assets.xcassets in Resources */ = {isa = PBXBuildFile; fileRef = 37EAC227256D17EF00474877 /* Assets.xcassets */; };
		37EAC22B256D17EF00474877 /* LaunchScreen.storyboard in Resources */ = {isa = PBXBuildFile; fileRef = 37EAC229256D17EF00474877 /* LaunchScreen.storyboard */; };
		37EAC23D256D1D4C00474877 /* Login.storyboard in Resources */ = {isa = PBXBuildFile; fileRef = 37EAC23B256D1D4C00474877 /* Login.storyboard */; };
		37EAC23E256D1D4C00474877 /* LoginVC.swift in Sources */ = {isa = PBXBuildFile; fileRef = 37EAC23C256D1D4C00474877 /* LoginVC.swift */; };
		37EAC242256D1E5200474877 /* APIConstants.swift in Sources */ = {isa = PBXBuildFile; fileRef = 37EAC241256D1E5200474877 /* APIConstants.swift */; };
		37EAC245256D1E9E00474877 /* GenericRespose.swift in Sources */ = {isa = PBXBuildFile; fileRef = 37EAC244256D1E9E00474877 /* GenericRespose.swift */; };
		37EAC248256D1F1300474877 /* SignInData.swift in Sources */ = {isa = PBXBuildFile; fileRef = 37EAC247256D1F1300474877 /* SignInData.swift */; };
		37EAC24B256D285600474877 /* NetworkResult.swift in Sources */ = {isa = PBXBuildFile; fileRef = 37EAC24A256D285600474877 /* NetworkResult.swift */; };
		37EAC24E256D287800474877 /* AuthService.swift in Sources */ = {isa = PBXBuildFile; fileRef = 37EAC24D256D287800474877 /* AuthService.swift */; };
		37EAC251256D2EF500474877 /* SignUp.storyboard in Resources */ = {isa = PBXBuildFile; fileRef = 37EAC250256D2EF500474877 /* SignUp.storyboard */; };
		37EAC254256D2F1700474877 /* SignUpVC.swift in Sources */ = {isa = PBXBuildFile; fileRef = 37EAC253256D2F1700474877 /* SignUpVC.swift */; };
		37EAC257256D74A500474877 /* SignUpData.swift in Sources */ = {isa = PBXBuildFile; fileRef = 37EAC256256D74A500474877 /* SignUpData.swift */; };
		830BD638D3C40CD294C7ADFA /* Pods_SOPT_iOS_6th_Seminar.framework in Frameworks */ = {isa = PBXBuildFile; fileRef = BE07975876CACD3C3C03486A /* Pods_SOPT_iOS_6th_Seminar.framework */; };
/* End PBXBuildFile section */

/* Begin PBXFileReference section */
		37EAC21B256D17E700474877 /* SOPT_iOS_6th_Seminar.app */ = {isa = PBXFileReference; explicitFileType = wrapper.application; includeInIndex = 0; path = SOPT_iOS_6th_Seminar.app; sourceTree = BUILT_PRODUCTS_DIR; };
		37EAC21E256D17E700474877 /* AppDelegate.swift */ = {isa = PBXFileReference; lastKnownFileType = sourcecode.swift; path = AppDelegate.swift; sourceTree = "<group>"; };
		37EAC220256D17E700474877 /* SceneDelegate.swift */ = {isa = PBXFileReference; lastKnownFileType = sourcecode.swift; path = SceneDelegate.swift; sourceTree = "<group>"; };
		37EAC222256D17E700474877 /* ViewController.swift */ = {isa = PBXFileReference; lastKnownFileType = sourcecode.swift; path = ViewController.swift; sourceTree = "<group>"; };
		37EAC225256D17E700474877 /* Base */ = {isa = PBXFileReference; lastKnownFileType = file.storyboard; name = Base; path = Base.lproj/Main.storyboard; sourceTree = "<group>"; };
		37EAC227256D17EF00474877 /* Assets.xcassets */ = {isa = PBXFileReference; lastKnownFileType = folder.assetcatalog; path = Assets.xcassets; sourceTree = "<group>"; };
		37EAC22A256D17EF00474877 /* Base */ = {isa = PBXFileReference; lastKnownFileType = file.storyboard; name = Base; path = Base.lproj/LaunchScreen.storyboard; sourceTree = "<group>"; };
		37EAC22C256D17EF00474877 /* Info.plist */ = {isa = PBXFileReference; lastKnownFileType = text.plist.xml; path = Info.plist; sourceTree = "<group>"; };
		37EAC23B256D1D4C00474877 /* Login.storyboard */ = {isa = PBXFileReference; fileEncoding = 4; lastKnownFileType = file.storyboard; name = Login.storyboard; path = ../../../../../../.Trash/Login.storyboard; sourceTree = "<group>"; };
		37EAC23C256D1D4C00474877 /* LoginVC.swift */ = {isa = PBXFileReference; fileEncoding = 4; lastKnownFileType = sourcecode.swift; name = LoginVC.swift; path = ../../../../../../.Trash/LoginVC.swift; sourceTree = "<group>"; };
		37EAC241256D1E5200474877 /* APIConstants.swift */ = {isa = PBXFileReference; lastKnownFileType = sourcecode.swift; path = APIConstants.swift; sourceTree = "<group>"; };
		37EAC244256D1E9E00474877 /* GenericRespose.swift */ = {isa = PBXFileReference; lastKnownFileType = sourcecode.swift; path = GenericRespose.swift; sourceTree = "<group>"; };
		37EAC247256D1F1300474877 /* SignInData.swift */ = {isa = PBXFileReference; lastKnownFileType = sourcecode.swift; path = SignInData.swift; sourceTree = "<group>"; };
		37EAC24A256D285600474877 /* NetworkResult.swift */ = {isa = PBXFileReference; lastKnownFileType = sourcecode.swift; path = NetworkResult.swift; sourceTree = "<group>"; };
		37EAC24D256D287800474877 /* AuthService.swift */ = {isa = PBXFileReference; lastKnownFileType = sourcecode.swift; path = AuthService.swift; sourceTree = "<group>"; };
		37EAC250256D2EF500474877 /* SignUp.storyboard */ = {isa = PBXFileReference; lastKnownFileType = file.storyboard; path = SignUp.storyboard; sourceTree = "<group>"; };
		37EAC253256D2F1700474877 /* SignUpVC.swift */ = {isa = PBXFileReference; lastKnownFileType = sourcecode.swift; name = SignUpVC.swift; path = "/Users/DAN/Desktop/etc/iOS 공부/LeeDaEun/SOPT_iOS_6th_Seminar/SOPT_iOS_6th_Seminar/SignUpVC.swift"; sourceTree = "<absolute>"; };
		37EAC256256D74A500474877 /* SignUpData.swift */ = {isa = PBXFileReference; lastKnownFileType = sourcecode.swift; path = SignUpData.swift; sourceTree = "<group>"; };
		6E681C6CF54255E995755855 /* Pods-SOPT_iOS_6th_Seminar.release.xcconfig */ = {isa = PBXFileReference; includeInIndex = 1; lastKnownFileType = text.xcconfig; name = "Pods-SOPT_iOS_6th_Seminar.release.xcconfig"; path = "Target Support Files/Pods-SOPT_iOS_6th_Seminar/Pods-SOPT_iOS_6th_Seminar.release.xcconfig"; sourceTree = "<group>"; };
		BE07975876CACD3C3C03486A /* Pods_SOPT_iOS_6th_Seminar.framework */ = {isa = PBXFileReference; explicitFileType = wrapper.framework; includeInIndex = 0; path = Pods_SOPT_iOS_6th_Seminar.framework; sourceTree = BUILT_PRODUCTS_DIR; };
		BF7C54E955073070DDA02057 /* Pods-SOPT_iOS_6th_Seminar.debug.xcconfig */ = {isa = PBXFileReference; includeInIndex = 1; lastKnownFileType = text.xcconfig; name = "Pods-SOPT_iOS_6th_Seminar.debug.xcconfig"; path = "Target Support Files/Pods-SOPT_iOS_6th_Seminar/Pods-SOPT_iOS_6th_Seminar.debug.xcconfig"; sourceTree = "<group>"; };
/* End PBXFileReference section */

/* Begin PBXFrameworksBuildPhase section */
		37EAC218256D17E700474877 /* Frameworks */ = {
			isa = PBXFrameworksBuildPhase;
			buildActionMask = 2147483647;
			files = (
				830BD638D3C40CD294C7ADFA /* Pods_SOPT_iOS_6th_Seminar.framework in Frameworks */,
			);
			runOnlyForDeploymentPostprocessing = 0;
		};
/* End PBXFrameworksBuildPhase section */

/* Begin PBXGroup section */
		31DD852F9ED46D8ADEED5D2F /* Pods */ = {
			isa = PBXGroup;
			children = (
				BF7C54E955073070DDA02057 /* Pods-SOPT_iOS_6th_Seminar.debug.xcconfig */,
				6E681C6CF54255E995755855 /* Pods-SOPT_iOS_6th_Seminar.release.xcconfig */,
			);
			path = Pods;
			sourceTree = "<group>";
		};
		37EAC212256D17E700474877 = {
			isa = PBXGroup;
			children = (
				37EAC21D256D17E700474877 /* SOPT_iOS_6th_Seminar */,
				37EAC21C256D17E700474877 /* Products */,
				31DD852F9ED46D8ADEED5D2F /* Pods */,
				84A61AE8148DE696CD5A0D18 /* Frameworks */,
			);
			sourceTree = "<group>";
		};
		37EAC21C256D17E700474877 /* Products */ = {
			isa = PBXGroup;
			children = (
				37EAC21B256D17E700474877 /* SOPT_iOS_6th_Seminar.app */,
			);
			name = Products;
			sourceTree = "<group>";
		};
		37EAC21D256D17E700474877 /* SOPT_iOS_6th_Seminar */ = {
			isa = PBXGroup;
			children = (
				37EAC250256D2EF500474877 /* SignUp.storyboard */,
				37EAC253256D2F1700474877 /* SignUpVC.swift */,
				37EAC23B256D1D4C00474877 /* Login.storyboard */,
				37EAC23C256D1D4C00474877 /* LoginVC.swift */,
				37EAC241256D1E5200474877 /* APIConstants.swift */,
				37EAC244256D1E9E00474877 /* GenericRespose.swift */,
				37EAC247256D1F1300474877 /* SignInData.swift */,
				37EAC256256D74A500474877 /* SignUpData.swift */,
				37EAC24A256D285600474877 /* NetworkResult.swift */,
				37EAC24D256D287800474877 /* AuthService.swift */,
				37EAC227256D17EF00474877 /* Assets.xcassets */,
				37EAC224256D17E700474877 /* Main.storyboard */,
				37EAC229256D17EF00474877 /* LaunchScreen.storyboard */,
				37EAC222256D17E700474877 /* ViewController.swift */,
				37EAC220256D17E700474877 /* SceneDelegate.swift */,
				37EAC21E256D17E700474877 /* AppDelegate.swift */,
				37EAC22C256D17EF00474877 /* Info.plist */,
			);
			path = SOPT_iOS_6th_Seminar;
			sourceTree = "<group>";
		};
		84A61AE8148DE696CD5A0D18 /* Frameworks */ = {
			isa = PBXGroup;
			children = (
				BE07975876CACD3C3C03486A /* Pods_SOPT_iOS_6th_Seminar.framework */,
			);
			name = Frameworks;
			sourceTree = "<group>";
		};
/* End PBXGroup section */

/* Begin PBXNativeTarget section */
		37EAC21A256D17E700474877 /* SOPT_iOS_6th_Seminar */ = {
			isa = PBXNativeTarget;
			buildConfigurationList = 37EAC22F256D17EF00474877 /* Build configuration list for PBXNativeTarget "SOPT_iOS_6th_Seminar" */;
			buildPhases = (
				C3517F436D3996149D1BAE5E /* [CP] Check Pods Manifest.lock */,
				37EAC217256D17E700474877 /* Sources */,
				37EAC218256D17E700474877 /* Frameworks */,
				37EAC219256D17E700474877 /* Resources */,
				796804751904F810847F5D1B /* [CP] Embed Pods Frameworks */,
			);
			buildRules = (
			);
			dependencies = (
			);
			name = SOPT_iOS_6th_Seminar;
			productName = SOPT_iOS_6th_Seminar;
			productReference = 37EAC21B256D17E700474877 /* SOPT_iOS_6th_Seminar.app */;
			productType = "com.apple.product-type.application";
		};
/* End PBXNativeTarget section */

/* Begin PBXProject section */
		37EAC213256D17E700474877 /* Project object */ = {
			isa = PBXProject;
			attributes = {
				LastSwiftUpdateCheck = 1200;
				LastUpgradeCheck = 1200;
				TargetAttributes = {
					37EAC21A256D17E700474877 = {
						CreatedOnToolsVersion = 12.0.1;
					};
				};
			};
			buildConfigurationList = 37EAC216256D17E700474877 /* Build configuration list for PBXProject "SOPT_iOS_6th_Seminar" */;
			compatibilityVersion = "Xcode 9.3";
			developmentRegion = en;
			hasScannedForEncodings = 0;
			knownRegions = (
				en,
				Base,
			);
			mainGroup = 37EAC212256D17E700474877;
			productRefGroup = 37EAC21C256D17E700474877 /* Products */;
			projectDirPath = "";
			projectRoot = "";
			targets = (
				37EAC21A256D17E700474877 /* SOPT_iOS_6th_Seminar */,
			);
		};
/* End PBXProject section */

/* Begin PBXResourcesBuildPhase section */
		37EAC219256D17E700474877 /* Resources */ = {
			isa = PBXResourcesBuildPhase;
			buildActionMask = 2147483647;
			files = (
				37EAC23D256D1D4C00474877 /* Login.storyboard in Resources */,
				37EAC22B256D17EF00474877 /* LaunchScreen.storyboard in Resources */,
				37EAC228256D17EF00474877 /* Assets.xcassets in Resources */,
				37EAC226256D17E700474877 /* Main.storyboard in Resources */,
				37EAC251256D2EF500474877 /* SignUp.storyboard in Resources */,
			);
			runOnlyForDeploymentPostprocessing = 0;
		};
/* End PBXResourcesBuildPhase section */

/* Begin PBXShellScriptBuildPhase section */
		796804751904F810847F5D1B /* [CP] Embed Pods Frameworks */ = {
			isa = PBXShellScriptBuildPhase;
			buildActionMask = 2147483647;
			files = (
			);
			inputFileListPaths = (
				"${PODS_ROOT}/Target Support Files/Pods-SOPT_iOS_6th_Seminar/Pods-SOPT_iOS_6th_Seminar-frameworks-${CONFIGURATION}-input-files.xcfilelist",
			);
			name = "[CP] Embed Pods Frameworks";
			outputFileListPaths = (
				"${PODS_ROOT}/Target Support Files/Pods-SOPT_iOS_6th_Seminar/Pods-SOPT_iOS_6th_Seminar-frameworks-${CONFIGURATION}-output-files.xcfilelist",
			);
			runOnlyForDeploymentPostprocessing = 0;
			shellPath = /bin/sh;
			shellScript = "\"${PODS_ROOT}/Target Support Files/Pods-SOPT_iOS_6th_Seminar/Pods-SOPT_iOS_6th_Seminar-frameworks.sh\"\n";
			showEnvVarsInLog = 0;
		};
		C3517F436D3996149D1BAE5E /* [CP] Check Pods Manifest.lock */ = {
			isa = PBXShellScriptBuildPhase;
			buildActionMask = 2147483647;
			files = (
			);
			inputFileListPaths = (
			);
			inputPaths = (
				"${PODS_PODFILE_DIR_PATH}/Podfile.lock",
				"${PODS_ROOT}/Manifest.lock",
			);
			name = "[CP] Check Pods Manifest.lock";
			outputFileListPaths = (
			);
			outputPaths = (
				"$(DERIVED_FILE_DIR)/Pods-SOPT_iOS_6th_Seminar-checkManifestLockResult.txt",
			);
			runOnlyForDeploymentPostprocessing = 0;
			shellPath = /bin/sh;
			shellScript = "diff \"${PODS_PODFILE_DIR_PATH}/Podfile.lock\" \"${PODS_ROOT}/Manifest.lock\" > /dev/null\nif [ $? != 0 ] ; then\n    # print error to STDERR\n    echo \"error: The sandbox is not in sync with the Podfile.lock. Run 'pod install' or update your CocoaPods installation.\" >&2\n    exit 1\nfi\n# This output is used by Xcode 'outputs' to avoid re-running this script phase.\necho \"SUCCESS\" > \"${SCRIPT_OUTPUT_FILE_0}\"\n";
			showEnvVarsInLog = 0;
		};
/* End PBXShellScriptBuildPhase section */

/* Begin PBXSourcesBuildPhase section */
		37EAC217256D17E700474877 /* Sources */ = {
			isa = PBXSourcesBuildPhase;
			buildActionMask = 2147483647;
			files = (
				37EAC248256D1F1300474877 /* SignInData.swift in Sources */,
				37EAC223256D17E700474877 /* ViewController.swift in Sources */,
				37EAC242256D1E5200474877 /* APIConstants.swift in Sources */,
				37EAC24E256D287800474877 /* AuthService.swift in Sources */,
				37EAC21F256D17E700474877 /* AppDelegate.swift in Sources */,
				37EAC245256D1E9E00474877 /* GenericRespose.swift in Sources */,
				37EAC221256D17E700474877 /* SceneDelegate.swift in Sources */,
				37EAC23E256D1D4C00474877 /* LoginVC.swift in Sources */,
				37EAC254256D2F1700474877 /* SignUpVC.swift in Sources */,
				37EAC257256D74A500474877 /* SignUpData.swift in Sources */,
				37EAC24B256D285600474877 /* NetworkResult.swift in Sources */,
			);
			runOnlyForDeploymentPostprocessing = 0;
		};
/* End PBXSourcesBuildPhase section */

/* Begin PBXVariantGroup section */
		37EAC224256D17E700474877 /* Main.storyboard */ = {
			isa = PBXVariantGroup;
			children = (
				37EAC225256D17E700474877 /* Base */,
			);
			name = Main.storyboard;
			sourceTree = "<group>";
		};
		37EAC229256D17EF00474877 /* LaunchScreen.storyboard */ = {
			isa = PBXVariantGroup;
			children = (
				37EAC22A256D17EF00474877 /* Base */,
			);
			name = LaunchScreen.storyboard;
			sourceTree = "<group>";
		};
/* End PBXVariantGroup section */

/* Begin XCBuildConfiguration section */
		37EAC22D256D17EF00474877 /* Debug */ = {
			isa = XCBuildConfiguration;
			buildSettings = {
				ALWAYS_SEARCH_USER_PATHS = NO;
				CLANG_ANALYZER_NONNULL = YES;
				CLANG_ANALYZER_NUMBER_OBJECT_CONVERSION = YES_AGGRESSIVE;
				CLANG_CXX_LANGUAGE_STANDARD = "gnu++14";
				CLANG_CXX_LIBRARY = "libc++";
				CLANG_ENABLE_MODULES = YES;
				CLANG_ENABLE_OBJC_ARC = YES;
				CLANG_ENABLE_OBJC_WEAK = YES;
				CLANG_WARN_BLOCK_CAPTURE_AUTORELEASING = YES;
				CLANG_WARN_BOOL_CONVERSION = YES;
				CLANG_WARN_COMMA = YES;
				CLANG_WARN_CONSTANT_CONVERSION = YES;
				CLANG_WARN_DEPRECATED_OBJC_IMPLEMENTATIONS = YES;
				CLANG_WARN_DIRECT_OBJC_ISA_USAGE = YES_ERROR;
				CLANG_WARN_DOCUMENTATION_COMMENTS = YES;
				CLANG_WARN_EMPTY_BODY = YES;
				CLANG_WARN_ENUM_CONVERSION = YES;
				CLANG_WARN_INFINITE_RECURSION = YES;
				CLANG_WARN_INT_CONVERSION = YES;
				CLANG_WARN_NON_LITERAL_NULL_CONVERSION = YES;
				CLANG_WARN_OBJC_IMPLICIT_RETAIN_SELF = YES;
				CLANG_WARN_OBJC_LITERAL_CONVERSION = YES;
				CLANG_WARN_OBJC_ROOT_CLASS = YES_ERROR;
				CLANG_WARN_QUOTED_INCLUDE_IN_FRAMEWORK_HEADER = YES;
				CLANG_WARN_RANGE_LOOP_ANALYSIS = YES;
				CLANG_WARN_STRICT_PROTOTYPES = YES;
				CLANG_WARN_SUSPICIOUS_MOVE = YES;
				CLANG_WARN_UNGUARDED_AVAILABILITY = YES_AGGRESSIVE;
				CLANG_WARN_UNREACHABLE_CODE = YES;
				CLANG_WARN__DUPLICATE_METHOD_MATCH = YES;
				COPY_PHASE_STRIP = NO;
				DEBUG_INFORMATION_FORMAT = dwarf;
				ENABLE_STRICT_OBJC_MSGSEND = YES;
				ENABLE_TESTABILITY = YES;
				GCC_C_LANGUAGE_STANDARD = gnu11;
				GCC_DYNAMIC_NO_PIC = NO;
				GCC_NO_COMMON_BLOCKS = YES;
				GCC_OPTIMIZATION_LEVEL = 0;
				GCC_PREPROCESSOR_DEFINITIONS = (
					"DEBUG=1",
					"$(inherited)",
				);
				GCC_WARN_64_TO_32_BIT_CONVERSION = YES;
				GCC_WARN_ABOUT_RETURN_TYPE = YES_ERROR;
				GCC_WARN_UNDECLARED_SELECTOR = YES;
				GCC_WARN_UNINITIALIZED_AUTOS = YES_AGGRESSIVE;
				GCC_WARN_UNUSED_FUNCTION = YES;
				GCC_WARN_UNUSED_VARIABLE = YES;
				IPHONEOS_DEPLOYMENT_TARGET = 14.0;
				MTL_ENABLE_DEBUG_INFO = INCLUDE_SOURCE;
				MTL_FAST_MATH = YES;
				ONLY_ACTIVE_ARCH = YES;
				SDKROOT = iphoneos;
				SWIFT_ACTIVE_COMPILATION_CONDITIONS = DEBUG;
				SWIFT_OPTIMIZATION_LEVEL = "-Onone";
			};
			name = Debug;
		};
		37EAC22E256D17EF00474877 /* Release */ = {
			isa = XCBuildConfiguration;
			buildSettings = {
				ALWAYS_SEARCH_USER_PATHS = NO;
				CLANG_ANALYZER_NONNULL = YES;
				CLANG_ANALYZER_NUMBER_OBJECT_CONVERSION = YES_AGGRESSIVE;
				CLANG_CXX_LANGUAGE_STANDARD = "gnu++14";
				CLANG_CXX_LIBRARY = "libc++";
				CLANG_ENABLE_MODULES = YES;
				CLANG_ENABLE_OBJC_ARC = YES;
				CLANG_ENABLE_OBJC_WEAK = YES;
				CLANG_WARN_BLOCK_CAPTURE_AUTORELEASING = YES;
				CLANG_WARN_BOOL_CONVERSION = YES;
				CLANG_WARN_COMMA = YES;
				CLANG_WARN_CONSTANT_CONVERSION = YES;
				CLANG_WARN_DEPRECATED_OBJC_IMPLEMENTATIONS = YES;
				CLANG_WARN_DIRECT_OBJC_ISA_USAGE = YES_ERROR;
				CLANG_WARN_DOCUMENTATION_COMMENTS = YES;
				CLANG_WARN_EMPTY_BODY = YES;
				CLANG_WARN_ENUM_CONVERSION = YES;
				CLANG_WARN_INFINITE_RECURSION = YES;
				CLANG_WARN_INT_CONVERSION = YES;
				CLANG_WARN_NON_LITERAL_NULL_CONVERSION = YES;
				CLANG_WARN_OBJC_IMPLICIT_RETAIN_SELF = YES;
				CLANG_WARN_OBJC_LITERAL_CONVERSION = YES;
				CLANG_WARN_OBJC_ROOT_CLASS = YES_ERROR;
				CLANG_WARN_QUOTED_INCLUDE_IN_FRAMEWORK_HEADER = YES;
				CLANG_WARN_RANGE_LOOP_ANALYSIS = YES;
				CLANG_WARN_STRICT_PROTOTYPES = YES;
				CLANG_WARN_SUSPICIOUS_MOVE = YES;
				CLANG_WARN_UNGUARDED_AVAILABILITY = YES_AGGRESSIVE;
				CLANG_WARN_UNREACHABLE_CODE = YES;
				CLANG_WARN__DUPLICATE_METHOD_MATCH = YES;
				COPY_PHASE_STRIP = NO;
				DEBUG_INFORMATION_FORMAT = "dwarf-with-dsym";
				ENABLE_NS_ASSERTIONS = NO;
				ENABLE_STRICT_OBJC_MSGSEND = YES;
				GCC_C_LANGUAGE_STANDARD = gnu11;
				GCC_NO_COMMON_BLOCKS = YES;
				GCC_WARN_64_TO_32_BIT_CONVERSION = YES;
				GCC_WARN_ABOUT_RETURN_TYPE = YES_ERROR;
				GCC_WARN_UNDECLARED_SELECTOR = YES;
				GCC_WARN_UNINITIALIZED_AUTOS = YES_AGGRESSIVE;
				GCC_WARN_UNUSED_FUNCTION = YES;
				GCC_WARN_UNUSED_VARIABLE = YES;
				IPHONEOS_DEPLOYMENT_TARGET = 14.0;
				MTL_ENABLE_DEBUG_INFO = NO;
				MTL_FAST_MATH = YES;
				SDKROOT = iphoneos;
				SWIFT_COMPILATION_MODE = wholemodule;
				SWIFT_OPTIMIZATION_LEVEL = "-O";
				VALIDATE_PRODUCT = YES;
			};
			name = Release;
		};
		37EAC230256D17EF00474877 /* Debug */ = {
			isa = XCBuildConfiguration;
			baseConfigurationReference = BF7C54E955073070DDA02057 /* Pods-SOPT_iOS_6th_Seminar.debug.xcconfig */;
			buildSettings = {
				ASSETCATALOG_COMPILER_APPICON_NAME = AppIcon;
				ASSETCATALOG_COMPILER_GLOBAL_ACCENT_COLOR_NAME = AccentColor;
				CODE_SIGN_STYLE = Automatic;
				DEVELOPMENT_TEAM = J92QJ4K4KU;
				INFOPLIST_FILE = SOPT_iOS_6th_Seminar/Info.plist;
				LD_RUNPATH_SEARCH_PATHS = (
					"$(inherited)",
					"@executable_path/Frameworks",
				);
				PRODUCT_BUNDLE_IDENTIFIER = "com.SOPT-iOS-6th-Seminar";
				PRODUCT_NAME = "$(TARGET_NAME)";
				SWIFT_VERSION = 5.0;
				TARGETED_DEVICE_FAMILY = "1,2";
			};
			name = Debug;
		};
		37EAC231256D17EF00474877 /* Release */ = {
			isa = XCBuildConfiguration;
			baseConfigurationReference = 6E681C6CF54255E995755855 /* Pods-SOPT_iOS_6th_Seminar.release.xcconfig */;
			buildSettings = {
				ASSETCATALOG_COMPILER_APPICON_NAME = AppIcon;
				ASSETCATALOG_COMPILER_GLOBAL_ACCENT_COLOR_NAME = AccentColor;
				CODE_SIGN_STYLE = Automatic;
				DEVELOPMENT_TEAM = J92QJ4K4KU;
				INFOPLIST_FILE = SOPT_iOS_6th_Seminar/Info.plist;
				LD_RUNPATH_SEARCH_PATHS = (
					"$(inherited)",
					"@executable_path/Frameworks",
				);
				PRODUCT_BUNDLE_IDENTIFIER = "com.SOPT-iOS-6th-Seminar";
				PRODUCT_NAME = "$(TARGET_NAME)";
				SWIFT_VERSION = 5.0;
				TARGETED_DEVICE_FAMILY = "1,2";
			};
			name = Release;
		};
/* End XCBuildConfiguration section */

/* Begin XCConfigurationList section */
		37EAC216256D17E700474877 /* Build configuration list for PBXProject "SOPT_iOS_6th_Seminar" */ = {
			isa = XCConfigurationList;
			buildConfigurations = (
				37EAC22D256D17EF00474877 /* Debug */,
				37EAC22E256D17EF00474877 /* Release */,
			);
			defaultConfigurationIsVisible = 0;
			defaultConfigurationName = Release;
		};
		37EAC22F256D17EF00474877 /* Build configuration list for PBXNativeTarget "SOPT_iOS_6th_Seminar" */ = {
			isa = XCConfigurationList;
			buildConfigurations = (
				37EAC230256D17EF00474877 /* Debug */,
				37EAC231256D17EF00474877 /* Release */,
			);
			defaultConfigurationIsVisible = 0;
			defaultConfigurationName = Release;
		};
/* End XCConfigurationList section */
	};
	rootObject = 37EAC213256D17E700474877 /* Project object */;
}
